
Microsoft Visual Studio Solution File, Format Version 12.00
# Visual Studio Version 17
VisualStudioVersion = 17.0.32112.339
MinimumVisualStudioVersion = 10.0.40219.1
Project("{9A19103F-16F7-4668-BE54-9A1E7A4F7556}") = "Konzerthaus.WebApplication", "Src\Konzerthaus.WebApplication\Konzerthaus.WebApplication.csproj", "{0FD197EC-FE7C-4672-9C99-A28026CF9E78}"
EndProject
Project("{9A19103F-16F7-4668-BE54-9A1E7A4F7556}") = "Konzerthaus.Domain", "Src\Konzerthaus.Domain\Konzerthaus.Domain.csproj", "{87017EF4-C171-4C4D-A2DA-C02BDD089E9D}"
EndProject
Project("{9A19103F-16F7-4668-BE54-9A1E7A4F7556}") = "Konzerthaus.Application", "Src\Konzerthaus.Application\Konzerthaus.Application.csproj", "{F87F9919-0DD3-4619-86E1-732DC5FF116F}"
EndProject
Project("{9A19103F-16F7-4668-BE54-9A1E7A4F7556}") = "Konzerthaus.Infrastructur", "Src\Konzerthaus.Infrastructur\Konzerthaus.Infrastructur.csproj", "{BE414D58-1F07-41AD-975F-E968773E8E9E}"
EndProject
Project("{9A19103F-16F7-4668-BE54-9A1E7A4F7556}") = "Konzerthous.Infrastructur.Test", "Src\Konzerthous.Infrastructur.Test\Konzerthous.Infrastructur.Test.csproj", "{CFDDFE96-ED0F-484F-8E64-D92E7AC43DD1}"
EndProject
Global
	GlobalSection(SolutionConfigurationPlatforms) = preSolution
		Debug|Any CPU = Debug|Any CPU
		Release|Any CPU = Release|Any CPU
	EndGlobalSection
	GlobalSection(ProjectConfigurationPlatforms) = postSolution
		{0FD197EC-FE7C-4672-9C99-A28026CF9E78}.Debug|Any CPU.ActiveCfg = Debug|Any CPU
		{0FD197EC-FE7C-4672-9C99-A28026CF9E78}.Debug|Any CPU.Build.0 = Debug|Any CPU
		{0FD197EC-FE7C-4672-9C99-A28026CF9E78}.Release|Any CPU.ActiveCfg = Release|Any CPU
		{0FD197EC-FE7C-4672-9C99-A28026CF9E78}.Release|Any CPU.Build.0 = Release|Any CPU
		{87017EF4-C171-4C4D-A2DA-C02BDD089E9D}.Debug|Any CPU.ActiveCfg = Debug|Any CPU
		{87017EF4-C171-4C4D-A2DA-C02BDD089E9D}.Debug|Any CPU.Build.0 = Debug|Any CPU
		{87017EF4-C171-4C4D-A2DA-C02BDD089E9D}.Release|Any CPU.ActiveCfg = Release|Any CPU
		{87017EF4-C171-4C4D-A2DA-C02BDD089E9D}.Release|Any CPU.Build.0 = Release|Any CPU
		{F87F9919-0DD3-4619-86E1-732DC5FF116F}.Debug|Any CPU.ActiveCfg = Debug|Any CPU
		{F87F9919-0DD3-4619-86E1-732DC5FF116F}.Debug|Any CPU.Build.0 = Debug|Any CPU
		{F87F9919-0DD3-4619-86E1-732DC5FF116F}.Release|Any CPU.ActiveCfg = Release|Any CPU
		{F87F9919-0DD3-4619-86E1-732DC5FF116F}.Release|Any CPU.Build.0 = Release|Any CPU
		{BE414D58-1F07-41AD-975F-E968773E8E9E}.Debug|Any CPU.ActiveCfg = Debug|Any CPU
		{BE414D58-1F07-41AD-975F-E968773E8E9E}.Debug|Any CPU.Build.0 = Debug|Any CPU
		{BE414D58-1F07-41AD-975F-E968773E8E9E}.Release|Any CPU.ActiveCfg = Release|Any CPU
		{BE414D58-1F07-41AD-975F-E968773E8E9E}.Release|Any CPU.Build.0 = Release|Any CPU
		{CFDDFE96-ED0F-484F-8E64-D92E7AC43DD1}.Debug|Any CPU.ActiveCfg = Debug|Any CPU
		{CFDDFE96-ED0F-484F-8E64-D92E7AC43DD1}.Debug|Any CPU.Build.0 = Debug|Any CPU
		{CFDDFE96-ED0F-484F-8E64-D92E7AC43DD1}.Release|Any CPU.ActiveCfg = Release|Any CPU
		{CFDDFE96-ED0F-484F-8E64-D92E7AC43DD1}.Release|Any CPU.Build.0 = Release|Any CPU
	EndGlobalSection
	GlobalSection(SolutionProperties) = preSolution
		HideSolutionNode = FALSE
	EndGlobalSection
	GlobalSection(ExtensibilityGlobals) = postSolution
		SolutionGuid = {33D597D0-BB4B-4C53-A49C-DB68FDDE8DC2}
	EndGlobalSection
EndGlobal
